
Microsoft Visual Studio Solution File, Format Version 12.00
# Visual Studio 15
Project("{FAE04EC0-301F-11D3-BF4B-00C04F79EFBC}") = "Assembly-CSharp", "Assembly-CSharp.csproj", "{6C1FD494-BB95-0CF8-7A02-A957E6DE5454}"
EndProject
Project("{FAE04EC0-301F-11D3-BF4B-00C04F79EFBC}") = "Assembly-CSharp-Editor", "Assembly-CSharp-Editor.csproj", "{7490C99D-424B-9FF9-DAF5-D059D7628418}"
EndProject
Global
	GlobalSection(SolutionConfigurationPlatforms) = preSolution
		Debug|Any CPU = Debug|Any CPU
		Release|Any CPU = Release|Any CPU
	EndGlobalSection
	GlobalSection(ProjectConfigurationPlatforms) = postSolution
		{6C1FD494-BB95-0CF8-7A02-A957E6DE5454}.Debug|Any CPU.ActiveCfg = Debug|Any CPU
		{6C1FD494-BB95-0CF8-7A02-A957E6DE5454}.Debug|Any CPU.Build.0 = Debug|Any CPU
		{6C1FD494-BB95-0CF8-7A02-A957E6DE5454}.Release|Any CPU.ActiveCfg = Release|Any CPU
		{6C1FD494-BB95-0CF8-7A02-A957E6DE5454}.Release|Any CPU.Build.0 = Release|Any CPU
		{7490C99D-424B-9FF9-DAF5-D059D7628418}.Debug|Any CPU.ActiveCfg = Debug|Any CPU
		{7490C99D-424B-9FF9-DAF5-D059D7628418}.Debug|Any CPU.Build.0 = Debug|Any CPU
		{7490C99D-424B-9FF9-DAF5-D059D7628418}.Release|Any CPU.ActiveCfg = Release|Any CPU
		{7490C99D-424B-9FF9-DAF5-D059D7628418}.Release|Any CPU.Build.0 = Release|Any CPU
	EndGlobalSection
	GlobalSection(SolutionProperties) = preSolution
		HideSolutionNode = FALSE
	EndGlobalSection
EndGlobal
